dependencies:
- name: plural-certmanager-webhook
  repository: cm://app.plural.sh/cm/bootstrap
  version: 0.1.1
- name: bootstrap
  repository: cm://app.plural.sh/cm/bootstrap
  version: 0.8.5
digest: sha256:8d79a1b9114edd5ae78ff997a98aa14d8522987503f754baaa8ea3f5275693a3
generated: "2021-11-12T15:53:16.832087511Z"
