dependencies:
- name: plural-certmanager-webhook
  repository: cm://app.plural.sh/cm/bootstrap
  version: 0.1.1
- name: bootstrap
  repository: cm://app.plural.sh/cm/bootstrap
  version: 0.8.6
digest: sha256:eeb458d62566499b8c004f327a2b74e0134d4da326728cf6820ec74925f674d9
generated: "2021-11-13T01:55:41.385463024Z"
